
Microsoft Visual Studio Solution File, Format Version 12.00
# Visual Studio Version 17
VisualStudioVersion = 17.8.34309.116
MinimumVisualStudioVersion = 10.0.40219.1
Project("{2150E333-8FDC-42A3-9474-1A3956D46DE8}") = "Services", "Services", "{9A7625B1-934D-4CDC-A331-4FB4D27F0F5A}"
EndProject
Project("{2150E333-8FDC-42A3-9474-1A3956D46DE8}") = "HumanResources", "HumanResources", "{5913F3AB-B060-43C8-AA91-259E7608A2FF}"
EndProject
Project("{9A19103F-16F7-4668-BE54-9A1E7A4F7556}") = "HumanResources.Api", "Services\HumanResources\HumanResources.Api\HumanResources.Api.csproj", "{021060AD-BC12-4F1B-88FB-EAA510B8AC7D}"
EndProject
Project("{9A19103F-16F7-4668-BE54-9A1E7A4F7556}") = "HumanResources.Domain", "Services\HumanResources\HumanResources.Domain\HumanResources.Domain.csproj", "{E82BDB0F-43EF-45B7-BD74-646E30104457}"
EndProject
Project("{9A19103F-16F7-4668-BE54-9A1E7A4F7556}") = "HumanResources.AppLogic", "Services\HumanResources\HumanResources.AppLogic\HumanResources.AppLogic.csproj", "{E7CCE2D5-AC17-4EB9-BD5A-9CE6B3C03DAA}"
EndProject
Project("{9A19103F-16F7-4668-BE54-9A1E7A4F7556}") = "HumanResources.Infrastructure", "Services\HumanResources\HumanResources.Infrastructure\HumanResources.Infrastructure.csproj", "{98B0781F-2319-4A4E-87AA-804DAA3D8C24}"
EndProject
Project("{E53339B2-1760-4266-BCC7-CA923CBCF16C}") = "docker-compose", "docker-compose.dcproj", "{11ED76D4-9789-47B5-8AA6-B40CD3B3EEFB}"
EndProject
Project("{2150E333-8FDC-42A3-9474-1A3956D46DE8}") = "BuildingBlocks", "BuildingBlocks", "{58F537DF-921F-4D8C-B33E-5B5C202FE7AA}"
EndProject
Project("{9A19103F-16F7-4668-BE54-9A1E7A4F7556}") = "Domain", "BuildingBlocks\Domain\Domain.csproj", "{88E26A3F-9D05-485A-A320-E6960BE186E6}"
EndProject
Project("{2150E333-8FDC-42A3-9474-1A3956D46DE8}") = "DevOps", "DevOps", "{1FFF55B1-F688-4753-B693-98716C2F513E}"
EndProject
Project("{9A19103F-16F7-4668-BE54-9A1E7A4F7556}") = "DevOps.Api", "Services\DevOps\DevOps.Api\DevOps.Api.csproj", "{B7989427-AD12-4285-93D5-EDBB0E5E24FC}"
EndProject
Project("{9A19103F-16F7-4668-BE54-9A1E7A4F7556}") = "DevOps.Domain", "Services\DevOps\DevOps.Domain\DevOps.Domain.csproj", "{DD86791D-834D-4743-BA22-433F10C99C31}"
EndProject
Project("{9A19103F-16F7-4668-BE54-9A1E7A4F7556}") = "DevOps.AppLogic", "Services\DevOps\DevOps.AppLogic\DevOps.AppLogic.csproj", "{24AD2D69-9547-419E-B938-63B0C216C5AD}"
EndProject
Project("{9A19103F-16F7-4668-BE54-9A1E7A4F7556}") = "DevOps.Infrastructure", "Services\DevOps\DevOps.Infrastructure\DevOps.Infrastructure.csproj", "{3C266239-63EB-4CE7-A1E7-70D3A21E44E4}"
EndProject
Project("{9A19103F-16F7-4668-BE54-9A1E7A4F7556}") = "Api", "BuildingBlocks\Api\Api.csproj", "{134B6CE3-4A42-420C-835B-3CA31467D217}"
EndProject
Project("{2150E333-8FDC-42A3-9474-1A3956D46DE8}") = "Events", "Events", "{F78D6C64-2B65-4973-824D-2CBF2E896CD1}"
EndProject
Project("{FAE04EC0-301F-11D3-BF4B-00C04F79EFBC}") = "IntegrationEvens", "IntegrationEvents\IntegrationEvens\IntegrationEvens.csproj", "{F8A1BEE4-B38E-48D1-8CAD-78BD87211B96}"
EndProject
Project("{FAE04EC0-301F-11D3-BF4B-00C04F79EFBC}") = "HumanResources.AppLogic.Tests", "Services\HumanResources\HumanResources.AppLogic.Tests\HumanResources.AppLogic.Tests.csproj", "{98C89C22-37ED-45AE-B511-D429E6A1C5A7}"
EndProject
Project("{FAE04EC0-301F-11D3-BF4B-00C04F79EFBC}") = "HumanResources.Domain.Tests", "Services\HumanResources\HumanResources.Domain.Tests\HumanResources.Domain.Tests.csproj", "{75C762D2-07AC-437D-B9DC-46A30349E010}"
EndProject
Project("{FAE04EC0-301F-11D3-BF4B-00C04F79EFBC}") = "DevOps.Api.Tests", "Services\DevOps\DevOps.Api.Tests\DevOps.Api.Tests.csproj", "{F8835960-37E3-44DA-87A3-DB55E1B5CA5D}"
EndProject
Project("{FAE04EC0-301F-11D3-BF4B-00C04F79EFBC}") = "DevOps.AppLogic.Tests", "Services\DevOps\DevOps.AppLogic.Tests\DevOps.AppLogic.Tests.csproj", "{20E9A235-A3AC-4B86-A8A2-36CEDC0A07EC}"
EndProject
Project("{FAE04EC0-301F-11D3-BF4B-00C04F79EFBC}") = "DevOps.Domain.Tests", "Services\DevOps\DevOps.Domain.Tests\DevOps.Domain.Tests.csproj", "{6138F2E8-CAF2-4322-9866-00B6DBED156D}"
EndProject
Project("{FAE04EC0-301F-11D3-BF4B-00C04F79EFBC}") = "Test", "BuildingBlocks\Test\Test.csproj", "{F1178A70-FD2D-4B4B-BB1C-9A7E445A5875}"
EndProject
Project("{2150E333-8FDC-42A3-9474-1A3956D46DE8}") = "Identity", "Identity", "{203AE972-3911-4446-B00D-D2AAF0D9F3A7}"
EndProject
Project("{FAE04EC0-301F-11D3-BF4B-00C04F79EFBC}") = "Identity.UI", "Services\Identity\Identity.UI\Identity.UI.csproj", "{8982E806-D43B-4EDE-97B3-9B2C8C292648}"
EndProject
Project("{2150E333-8FDC-42A3-9474-1A3956D46DE8}") = "Clients", "Clients", "{CF80E627-3186-4D00-BE20-FAD2B96A123C}"
EndProject
Project("{FAE04EC0-301F-11D3-BF4B-00C04F79EFBC}") = "KWops.Cli", "Clients\KWops.Cli\KWops.Cli.csproj", "{33090C8F-2CA9-4C9D-9B4C-A1C910ADB582}"
EndProject
Global
	GlobalSection(SolutionConfigurationPlatforms) = preSolution
		Debug|Any CPU = Debug|Any CPU
		Release|Any CPU = Release|Any CPU
	EndGlobalSection
	GlobalSection(ProjectConfigurationPlatforms) = postSolution
		{021060AD-BC12-4F1B-88FB-EAA510B8AC7D}.Debug|Any CPU.ActiveCfg = Debug|Any CPU
		{021060AD-BC12-4F1B-88FB-EAA510B8AC7D}.Debug|Any CPU.Build.0 = Debug|Any CPU
		{021060AD-BC12-4F1B-88FB-EAA510B8AC7D}.Release|Any CPU.ActiveCfg = Release|Any CPU
		{021060AD-BC12-4F1B-88FB-EAA510B8AC7D}.Release|Any CPU.Build.0 = Release|Any CPU
		{E82BDB0F-43EF-45B7-BD74-646E30104457}.Debug|Any CPU.ActiveCfg = Debug|Any CPU
		{E82BDB0F-43EF-45B7-BD74-646E30104457}.Debug|Any CPU.Build.0 = Debug|Any CPU
		{E82BDB0F-43EF-45B7-BD74-646E30104457}.Release|Any CPU.ActiveCfg = Release|Any CPU
		{E82BDB0F-43EF-45B7-BD74-646E30104457}.Release|Any CPU.Build.0 = Release|Any CPU
		{E7CCE2D5-AC17-4EB9-BD5A-9CE6B3C03DAA}.Debug|Any CPU.ActiveCfg = Debug|Any CPU
		{E7CCE2D5-AC17-4EB9-BD5A-9CE6B3C03DAA}.Debug|Any CPU.Build.0 = Debug|Any CPU
		{E7CCE2D5-AC17-4EB9-BD5A-9CE6B3C03DAA}.Release|Any CPU.ActiveCfg = Release|Any CPU
		{E7CCE2D5-AC17-4EB9-BD5A-9CE6B3C03DAA}.Release|Any CPU.Build.0 = Release|Any CPU
		{98B0781F-2319-4A4E-87AA-804DAA3D8C24}.Debug|Any CPU.ActiveCfg = Debug|Any CPU
		{98B0781F-2319-4A4E-87AA-804DAA3D8C24}.Debug|Any CPU.Build.0 = Debug|Any CPU
		{98B0781F-2319-4A4E-87AA-804DAA3D8C24}.Release|Any CPU.ActiveCfg = Release|Any CPU
		{98B0781F-2319-4A4E-87AA-804DAA3D8C24}.Release|Any CPU.Build.0 = Release|Any CPU
		{11ED76D4-9789-47B5-8AA6-B40CD3B3EEFB}.Debug|Any CPU.ActiveCfg = Debug|Any CPU
		{11ED76D4-9789-47B5-8AA6-B40CD3B3EEFB}.Debug|Any CPU.Build.0 = Debug|Any CPU
		{11ED76D4-9789-47B5-8AA6-B40CD3B3EEFB}.Release|Any CPU.ActiveCfg = Release|Any CPU
		{11ED76D4-9789-47B5-8AA6-B40CD3B3EEFB}.Release|Any CPU.Build.0 = Release|Any CPU
		{88E26A3F-9D05-485A-A320-E6960BE186E6}.Debug|Any CPU.ActiveCfg = Debug|Any CPU
		{88E26A3F-9D05-485A-A320-E6960BE186E6}.Debug|Any CPU.Build.0 = Debug|Any CPU
		{88E26A3F-9D05-485A-A320-E6960BE186E6}.Release|Any CPU.ActiveCfg = Release|Any CPU
		{88E26A3F-9D05-485A-A320-E6960BE186E6}.Release|Any CPU.Build.0 = Release|Any CPU
		{B7989427-AD12-4285-93D5-EDBB0E5E24FC}.Debug|Any CPU.ActiveCfg = Debug|Any CPU
		{B7989427-AD12-4285-93D5-EDBB0E5E24FC}.Debug|Any CPU.Build.0 = Debug|Any CPU
		{B7989427-AD12-4285-93D5-EDBB0E5E24FC}.Release|Any CPU.ActiveCfg = Release|Any CPU
		{B7989427-AD12-4285-93D5-EDBB0E5E24FC}.Release|Any CPU.Build.0 = Release|Any CPU
		{DD86791D-834D-4743-BA22-433F10C99C31}.Debug|Any CPU.ActiveCfg = Debug|Any CPU
		{DD86791D-834D-4743-BA22-433F10C99C31}.Debug|Any CPU.Build.0 = Debug|Any CPU
		{DD86791D-834D-4743-BA22-433F10C99C31}.Release|Any CPU.ActiveCfg = Release|Any CPU
		{DD86791D-834D-4743-BA22-433F10C99C31}.Release|Any CPU.Build.0 = Release|Any CPU
		{24AD2D69-9547-419E-B938-63B0C216C5AD}.Debug|Any CPU.ActiveCfg = Debug|Any CPU
		{24AD2D69-9547-419E-B938-63B0C216C5AD}.Debug|Any CPU.Build.0 = Debug|Any CPU
		{24AD2D69-9547-419E-B938-63B0C216C5AD}.Release|Any CPU.ActiveCfg = Release|Any CPU
		{24AD2D69-9547-419E-B938-63B0C216C5AD}.Release|Any CPU.Build.0 = Release|Any CPU
		{3C266239-63EB-4CE7-A1E7-70D3A21E44E4}.Debug|Any CPU.ActiveCfg = Debug|Any CPU
		{3C266239-63EB-4CE7-A1E7-70D3A21E44E4}.Debug|Any CPU.Build.0 = Debug|Any CPU
		{3C266239-63EB-4CE7-A1E7-70D3A21E44E4}.Release|Any CPU.ActiveCfg = Release|Any CPU
		{3C266239-63EB-4CE7-A1E7-70D3A21E44E4}.Release|Any CPU.Build.0 = Release|Any CPU
		{134B6CE3-4A42-420C-835B-3CA31467D217}.Debug|Any CPU.ActiveCfg = Debug|Any CPU
		{134B6CE3-4A42-420C-835B-3CA31467D217}.Debug|Any CPU.Build.0 = Debug|Any CPU
		{134B6CE3-4A42-420C-835B-3CA31467D217}.Release|Any CPU.ActiveCfg = Release|Any CPU
		{134B6CE3-4A42-420C-835B-3CA31467D217}.Release|Any CPU.Build.0 = Release|Any CPU
		{F8A1BEE4-B38E-48D1-8CAD-78BD87211B96}.Debug|Any CPU.ActiveCfg = Debug|Any CPU
		{F8A1BEE4-B38E-48D1-8CAD-78BD87211B96}.Debug|Any CPU.Build.0 = Debug|Any CPU
		{F8A1BEE4-B38E-48D1-8CAD-78BD87211B96}.Release|Any CPU.ActiveCfg = Release|Any CPU
		{F8A1BEE4-B38E-48D1-8CAD-78BD87211B96}.Release|Any CPU.Build.0 = Release|Any CPU
		{98C89C22-37ED-45AE-B511-D429E6A1C5A7}.Debug|Any CPU.ActiveCfg = Debug|Any CPU
		{98C89C22-37ED-45AE-B511-D429E6A1C5A7}.Debug|Any CPU.Build.0 = Debug|Any CPU
		{98C89C22-37ED-45AE-B511-D429E6A1C5A7}.Release|Any CPU.ActiveCfg = Release|Any CPU
		{98C89C22-37ED-45AE-B511-D429E6A1C5A7}.Release|Any CPU.Build.0 = Release|Any CPU
		{75C762D2-07AC-437D-B9DC-46A30349E010}.Debug|Any CPU.ActiveCfg = Debug|Any CPU
		{75C762D2-07AC-437D-B9DC-46A30349E010}.Debug|Any CPU.Build.0 = Debug|Any CPU
		{75C762D2-07AC-437D-B9DC-46A30349E010}.Release|Any CPU.ActiveCfg = Release|Any CPU
		{75C762D2-07AC-437D-B9DC-46A30349E010}.Release|Any CPU.Build.0 = Release|Any CPU
		{F8835960-37E3-44DA-87A3-DB55E1B5CA5D}.Debug|Any CPU.ActiveCfg = Debug|Any CPU
		{F8835960-37E3-44DA-87A3-DB55E1B5CA5D}.Debug|Any CPU.Build.0 = Debug|Any CPU
		{F8835960-37E3-44DA-87A3-DB55E1B5CA5D}.Release|Any CPU.ActiveCfg = Release|Any CPU
		{F8835960-37E3-44DA-87A3-DB55E1B5CA5D}.Release|Any CPU.Build.0 = Release|Any CPU
		{20E9A235-A3AC-4B86-A8A2-36CEDC0A07EC}.Debug|Any CPU.ActiveCfg = Debug|Any CPU
		{20E9A235-A3AC-4B86-A8A2-36CEDC0A07EC}.Debug|Any CPU.Build.0 = Debug|Any CPU
		{20E9A235-A3AC-4B86-A8A2-36CEDC0A07EC}.Release|Any CPU.ActiveCfg = Release|Any CPU
		{20E9A235-A3AC-4B86-A8A2-36CEDC0A07EC}.Release|Any CPU.Build.0 = Release|Any CPU
		{6138F2E8-CAF2-4322-9866-00B6DBED156D}.Debug|Any CPU.ActiveCfg = Debug|Any CPU
		{6138F2E8-CAF2-4322-9866-00B6DBED156D}.Debug|Any CPU.Build.0 = Debug|Any CPU
		{6138F2E8-CAF2-4322-9866-00B6DBED156D}.Release|Any CPU.ActiveCfg = Release|Any CPU
		{6138F2E8-CAF2-4322-9866-00B6DBED156D}.Release|Any CPU.Build.0 = Release|Any CPU
		{F1178A70-FD2D-4B4B-BB1C-9A7E445A5875}.Debug|Any CPU.ActiveCfg = Debug|Any CPU
		{F1178A70-FD2D-4B4B-BB1C-9A7E445A5875}.Debug|Any CPU.Build.0 = Debug|Any CPU
		{F1178A70-FD2D-4B4B-BB1C-9A7E445A5875}.Release|Any CPU.ActiveCfg = Release|Any CPU
		{F1178A70-FD2D-4B4B-BB1C-9A7E445A5875}.Release|Any CPU.Build.0 = Release|Any CPU
		{8982E806-D43B-4EDE-97B3-9B2C8C292648}.Debug|Any CPU.ActiveCfg = Debug|Any CPU
		{8982E806-D43B-4EDE-97B3-9B2C8C292648}.Debug|Any CPU.Build.0 = Debug|Any CPU
		{8982E806-D43B-4EDE-97B3-9B2C8C292648}.Release|Any CPU.ActiveCfg = Release|Any CPU
		{8982E806-D43B-4EDE-97B3-9B2C8C292648}.Release|Any CPU.Build.0 = Release|Any CPU
		{33090C8F-2CA9-4C9D-9B4C-A1C910ADB582}.Debug|Any CPU.ActiveCfg = Debug|Any CPU
		{33090C8F-2CA9-4C9D-9B4C-A1C910ADB582}.Debug|Any CPU.Build.0 = Debug|Any CPU
		{33090C8F-2CA9-4C9D-9B4C-A1C910ADB582}.Release|Any CPU.ActiveCfg = Release|Any CPU
		{33090C8F-2CA9-4C9D-9B4C-A1C910ADB582}.Release|Any CPU.Build.0 = Release|Any CPU
	EndGlobalSection
	GlobalSection(SolutionProperties) = preSolution
		HideSolutionNode = FALSE
	EndGlobalSection
	GlobalSection(NestedProjects) = preSolution
		{5913F3AB-B060-43C8-AA91-259E7608A2FF} = {9A7625B1-934D-4CDC-A331-4FB4D27F0F5A}
		{021060AD-BC12-4F1B-88FB-EAA510B8AC7D} = {5913F3AB-B060-43C8-AA91-259E7608A2FF}
		{E82BDB0F-43EF-45B7-BD74-646E30104457} = {5913F3AB-B060-43C8-AA91-259E7608A2FF}
		{E7CCE2D5-AC17-4EB9-BD5A-9CE6B3C03DAA} = {5913F3AB-B060-43C8-AA91-259E7608A2FF}
		{98B0781F-2319-4A4E-87AA-804DAA3D8C24} = {5913F3AB-B060-43C8-AA91-259E7608A2FF}
		{88E26A3F-9D05-485A-A320-E6960BE186E6} = {58F537DF-921F-4D8C-B33E-5B5C202FE7AA}
		{1FFF55B1-F688-4753-B693-98716C2F513E} = {9A7625B1-934D-4CDC-A331-4FB4D27F0F5A}
		{B7989427-AD12-4285-93D5-EDBB0E5E24FC} = {1FFF55B1-F688-4753-B693-98716C2F513E}
		{DD86791D-834D-4743-BA22-433F10C99C31} = {1FFF55B1-F688-4753-B693-98716C2F513E}
		{24AD2D69-9547-419E-B938-63B0C216C5AD} = {1FFF55B1-F688-4753-B693-98716C2F513E}
		{3C266239-63EB-4CE7-A1E7-70D3A21E44E4} = {1FFF55B1-F688-4753-B693-98716C2F513E}
		{134B6CE3-4A42-420C-835B-3CA31467D217} = {58F537DF-921F-4D8C-B33E-5B5C202FE7AA}
		{F8A1BEE4-B38E-48D1-8CAD-78BD87211B96} = {F78D6C64-2B65-4973-824D-2CBF2E896CD1}
		{98C89C22-37ED-45AE-B511-D429E6A1C5A7} = {5913F3AB-B060-43C8-AA91-259E7608A2FF}
		{75C762D2-07AC-437D-B9DC-46A30349E010} = {5913F3AB-B060-43C8-AA91-259E7608A2FF}
		{F8835960-37E3-44DA-87A3-DB55E1B5CA5D} = {1FFF55B1-F688-4753-B693-98716C2F513E}
		{20E9A235-A3AC-4B86-A8A2-36CEDC0A07EC} = {1FFF55B1-F688-4753-B693-98716C2F513E}
		{6138F2E8-CAF2-4322-9866-00B6DBED156D} = {1FFF55B1-F688-4753-B693-98716C2F513E}
		{F1178A70-FD2D-4B4B-BB1C-9A7E445A5875} = {58F537DF-921F-4D8C-B33E-5B5C202FE7AA}
		{203AE972-3911-4446-B00D-D2AAF0D9F3A7} = {9A7625B1-934D-4CDC-A331-4FB4D27F0F5A}
		{8982E806-D43B-4EDE-97B3-9B2C8C292648} = {203AE972-3911-4446-B00D-D2AAF0D9F3A7}
		{33090C8F-2CA9-4C9D-9B4C-A1C910ADB582} = {CF80E627-3186-4D00-BE20-FAD2B96A123C}
	EndGlobalSection
	GlobalSection(ExtensibilityGlobals) = postSolution
		SolutionGuid = {F0D749A2-0385-4510-A731-357CE0D628BF}
	EndGlobalSection
EndGlobal
